
Microsoft Visual Studio Solution File, Format Version 12.00
# Visual Studio Version 17
VisualStudioVersion = 17.0.31912.275
MinimumVisualStudioVersion = 10.0.40219.1
Project("{2150E333-8FDC-42A3-9474-1A3956D46DE8}") = "Web", "Web", "{02EA681E-C7D8-13C7-8484-4AC65E1B71E8}"
EndProject
Project("{FAE04EC0-301F-11D3-BF4B-00C04F79EFBC}") = "KatiesGarden.Web.Client", "Web\KatiesGarden.Web\Client\KatiesGarden.Web.Client.csproj", "{A226C6C2-EBF9-B038-36BB-5A653C0582D1}"
EndProject
Global
	GlobalSection(SolutionConfigurationPlatforms) = preSolution
		Debug|Any CPU = Debug|Any CPU
		Release|Any CPU = Release|Any CPU
	EndGlobalSection
	GlobalSection(ProjectConfigurationPlatforms) = postSolution
		{A226C6C2-EBF9-B038-36BB-5A653C0582D1}.Debug|Any CPU.ActiveCfg = Debug|Any CPU
		{A226C6C2-EBF9-B038-36BB-5A653C0582D1}.Debug|Any CPU.Build.0 = Debug|Any CPU
		{A226C6C2-EBF9-B038-36BB-5A653C0582D1}.Release|Any CPU.ActiveCfg = Release|Any CPU
		{A226C6C2-EBF9-B038-36BB-5A653C0582D1}.Release|Any CPU.Build.0 = Release|Any CPU
	EndGlobalSection
	GlobalSection(SolutionProperties) = preSolution
		HideSolutionNode = FALSE
	EndGlobalSection
	GlobalSection(NestedProjects) = preSolution
		{A226C6C2-EBF9-B038-36BB-5A653C0582D1} = {02EA681E-C7D8-13C7-8484-4AC65E1B71E8}
	EndGlobalSection
	GlobalSection(ExtensibilityGlobals) = postSolution
		SolutionGuid = {FE0E5FBD-B8CB-435E-8641-5C008D4BC8C0}
	EndGlobalSection
EndGlobal
