
Microsoft Visual Studio Solution File, Format Version 12.00
# Visual Studio Version 17
VisualStudioVersion = 17.0.31912.275
MinimumVisualStudioVersion = 10.0.40219.1
Project("{2150E333-8FDC-42A3-9474-1A3956D46DE8}") = "Web", "Web", "{02EA681E-C7D8-13C7-8484-4AC65E1B71E8}"
EndProject
Project("{FAE04EC0-301F-11D3-BF4B-00C04F79EFBC}") = "KatiesGarden.Web.Client", "Web\KatiesGarden.Web\Client\KatiesGarden.Web.Client.csproj", "{A226C6C2-EBF9-B038-36BB-5A653C0582D1}"
EndProject
Project("{2150E333-8FDC-42A3-9474-1A3956D46DE8}") = "Api", "Api", "{D82C56D6-B2CD-F611-9E31-04638F7EC30E}"
EndProject
Project("{FAE04EC0-301F-11D3-BF4B-00C04F79EFBC}") = "KatiesGarden.Api", "Api\KatiesGarden.Api.csproj", "{2DEA51AB-5A70-41CD-AE6F-281A6C95C30E}"
EndProject
Project("{FAE04EC0-301F-11D3-BF4B-00C04F79EFBC}") = "KatiesGarden.Shared", "Shared\KatiesGarden.Shared.csproj", "{F1EA19D0-929B-486C-AC02-F969F227E562}"
EndProject
Project("{2150E333-8FDC-42A3-9474-1A3956D46DE8}") = "AppHost", "AppHost", "{90DCE71B-4939-B80A-CE8C-85DE2210C7AC}"
EndProject
Project("{FAE04EC0-301F-11D3-BF4B-00C04F79EFBC}") = "KatiesGarden.AppHost", "AppHost\KatiesGarden.AppHost.csproj", "{D2D0944F-B273-449B-B093-F995E96693AF}"
EndProject
Project("{2150E333-8FDC-42A3-9474-1A3956D46DE8}") = "Shared", "Shared", "{4F52FD11-658E-A102-6CD3-7D7C16FFA15B}"
EndProject
Project("{2150E333-8FDC-42A3-9474-1A3956D46DE8}") = "Tests", "Tests", "{0AB3BF05-4346-4AA6-1389-037BE0695223}"
EndProject
Project("{FAE04EC0-301F-11D3-BF4B-00C04F79EFBC}") = "KatiesGarden.Tests", "Tests\KatiesGarden.Tests\KatiesGarden.Tests.csproj", "{C6DE5C0F-62B8-4692-AC3C-5D1A8698A655}"
EndProject
Project("{FAE04EC0-301F-11D3-BF4B-00C04F79EFBC}") = "KatiesGarden.E2E", "Tests\KatiesGarden.E2E\KatiesGarden.E2E.csproj", "{359EC6F8-51BF-401A-8864-CBF10EDBBDCA}"
EndProject
Global
	GlobalSection(SolutionConfigurationPlatforms) = preSolution
		Debug|Any CPU = Debug|Any CPU
		Debug|x64 = Debug|x64
		Debug|x86 = Debug|x86
		Release|Any CPU = Release|Any CPU
		Release|x64 = Release|x64
		Release|x86 = Release|x86
	EndGlobalSection
	GlobalSection(ProjectConfigurationPlatforms) = postSolution
		{A226C6C2-EBF9-B038-36BB-5A653C0582D1}.Debug|Any CPU.ActiveCfg = Debug|Any CPU
		{A226C6C2-EBF9-B038-36BB-5A653C0582D1}.Debug|Any CPU.Build.0 = Debug|Any CPU
		{A226C6C2-EBF9-B038-36BB-5A653C0582D1}.Debug|x64.ActiveCfg = Debug|Any CPU
		{A226C6C2-EBF9-B038-36BB-5A653C0582D1}.Debug|x64.Build.0 = Debug|Any CPU
		{A226C6C2-EBF9-B038-36BB-5A653C0582D1}.Debug|x86.ActiveCfg = Debug|Any CPU
		{A226C6C2-EBF9-B038-36BB-5A653C0582D1}.Debug|x86.Build.0 = Debug|Any CPU
		{A226C6C2-EBF9-B038-36BB-5A653C0582D1}.Release|Any CPU.ActiveCfg = Release|Any CPU
		{A226C6C2-EBF9-B038-36BB-5A653C0582D1}.Release|Any CPU.Build.0 = Release|Any CPU
		{A226C6C2-EBF9-B038-36BB-5A653C0582D1}.Release|x64.ActiveCfg = Release|Any CPU
		{A226C6C2-EBF9-B038-36BB-5A653C0582D1}.Release|x64.Build.0 = Release|Any CPU
		{A226C6C2-EBF9-B038-36BB-5A653C0582D1}.Release|x86.ActiveCfg = Release|Any CPU
		{A226C6C2-EBF9-B038-36BB-5A653C0582D1}.Release|x86.Build.0 = Release|Any CPU
		{2DEA51AB-5A70-41CD-AE6F-281A6C95C30E}.Debug|Any CPU.ActiveCfg = Debug|Any CPU
		{2DEA51AB-5A70-41CD-AE6F-281A6C95C30E}.Debug|Any CPU.Build.0 = Debug|Any CPU
		{2DEA51AB-5A70-41CD-AE6F-281A6C95C30E}.Debug|x64.ActiveCfg = Debug|Any CPU
		{2DEA51AB-5A70-41CD-AE6F-281A6C95C30E}.Debug|x64.Build.0 = Debug|Any CPU
		{2DEA51AB-5A70-41CD-AE6F-281A6C95C30E}.Debug|x86.ActiveCfg = Debug|Any CPU
		{2DEA51AB-5A70-41CD-AE6F-281A6C95C30E}.Debug|x86.Build.0 = Debug|Any CPU
		{2DEA51AB-5A70-41CD-AE6F-281A6C95C30E}.Release|Any CPU.ActiveCfg = Release|Any CPU
		{2DEA51AB-5A70-41CD-AE6F-281A6C95C30E}.Release|Any CPU.Build.0 = Release|Any CPU
		{2DEA51AB-5A70-41CD-AE6F-281A6C95C30E}.Release|x64.ActiveCfg = Release|Any CPU
		{2DEA51AB-5A70-41CD-AE6F-281A6C95C30E}.Release|x64.Build.0 = Release|Any CPU
		{2DEA51AB-5A70-41CD-AE6F-281A6C95C30E}.Release|x86.ActiveCfg = Release|Any CPU
		{2DEA51AB-5A70-41CD-AE6F-281A6C95C30E}.Release|x86.Build.0 = Release|Any CPU
		{F1EA19D0-929B-486C-AC02-F969F227E562}.Debug|Any CPU.ActiveCfg = Debug|Any CPU
		{F1EA19D0-929B-486C-AC02-F969F227E562}.Debug|Any CPU.Build.0 = Debug|Any CPU
		{F1EA19D0-929B-486C-AC02-F969F227E562}.Debug|x64.ActiveCfg = Debug|Any CPU
		{F1EA19D0-929B-486C-AC02-F969F227E562}.Debug|x64.Build.0 = Debug|Any CPU
		{F1EA19D0-929B-486C-AC02-F969F227E562}.Debug|x86.ActiveCfg = Debug|Any CPU
		{F1EA19D0-929B-486C-AC02-F969F227E562}.Debug|x86.Build.0 = Debug|Any CPU
		{F1EA19D0-929B-486C-AC02-F969F227E562}.Release|Any CPU.ActiveCfg = Release|Any CPU
		{F1EA19D0-929B-486C-AC02-F969F227E562}.Release|Any CPU.Build.0 = Release|Any CPU
		{F1EA19D0-929B-486C-AC02-F969F227E562}.Release|x64.ActiveCfg = Release|Any CPU
		{F1EA19D0-929B-486C-AC02-F969F227E562}.Release|x64.Build.0 = Release|Any CPU
		{F1EA19D0-929B-486C-AC02-F969F227E562}.Release|x86.ActiveCfg = Release|Any CPU
		{F1EA19D0-929B-486C-AC02-F969F227E562}.Release|x86.Build.0 = Release|Any CPU
		{D2D0944F-B273-449B-B093-F995E96693AF}.Debug|Any CPU.ActiveCfg = Debug|Any CPU
		{D2D0944F-B273-449B-B093-F995E96693AF}.Debug|Any CPU.Build.0 = Debug|Any CPU
		{D2D0944F-B273-449B-B093-F995E96693AF}.Debug|x64.ActiveCfg = Debug|Any CPU
		{D2D0944F-B273-449B-B093-F995E96693AF}.Debug|x64.Build.0 = Debug|Any CPU
		{D2D0944F-B273-449B-B093-F995E96693AF}.Debug|x86.ActiveCfg = Debug|Any CPU
		{D2D0944F-B273-449B-B093-F995E96693AF}.Debug|x86.Build.0 = Debug|Any CPU
		{D2D0944F-B273-449B-B093-F995E96693AF}.Release|Any CPU.ActiveCfg = Release|Any CPU
		{D2D0944F-B273-449B-B093-F995E96693AF}.Release|Any CPU.Build.0 = Release|Any CPU
		{D2D0944F-B273-449B-B093-F995E96693AF}.Release|x64.ActiveCfg = Release|Any CPU
		{D2D0944F-B273-449B-B093-F995E96693AF}.Release|x64.Build.0 = Release|Any CPU
		{D2D0944F-B273-449B-B093-F995E96693AF}.Release|x86.ActiveCfg = Release|Any CPU
		{D2D0944F-B273-449B-B093-F995E96693AF}.Release|x86.Build.0 = Release|Any CPU
		{C6DE5C0F-62B8-4692-AC3C-5D1A8698A655}.Debug|Any CPU.ActiveCfg = Debug|Any CPU
		{C6DE5C0F-62B8-4692-AC3C-5D1A8698A655}.Debug|Any CPU.Build.0 = Debug|Any CPU
		{C6DE5C0F-62B8-4692-AC3C-5D1A8698A655}.Debug|x64.ActiveCfg = Debug|Any CPU
		{C6DE5C0F-62B8-4692-AC3C-5D1A8698A655}.Debug|x64.Build.0 = Debug|Any CPU
		{C6DE5C0F-62B8-4692-AC3C-5D1A8698A655}.Debug|x86.ActiveCfg = Debug|Any CPU
		{C6DE5C0F-62B8-4692-AC3C-5D1A8698A655}.Debug|x86.Build.0 = Debug|Any CPU
		{C6DE5C0F-62B8-4692-AC3C-5D1A8698A655}.Release|Any CPU.ActiveCfg = Release|Any CPU
		{C6DE5C0F-62B8-4692-AC3C-5D1A8698A655}.Release|Any CPU.Build.0 = Release|Any CPU
		{C6DE5C0F-62B8-4692-AC3C-5D1A8698A655}.Release|x64.ActiveCfg = Release|Any CPU
		{C6DE5C0F-62B8-4692-AC3C-5D1A8698A655}.Release|x64.Build.0 = Release|Any CPU
		{C6DE5C0F-62B8-4692-AC3C-5D1A8698A655}.Release|x86.ActiveCfg = Release|Any CPU
		{C6DE5C0F-62B8-4692-AC3C-5D1A8698A655}.Release|x86.Build.0 = Release|Any CPU
		{359EC6F8-51BF-401A-8864-CBF10EDBBDCA}.Debug|Any CPU.ActiveCfg = Debug|Any CPU
		{359EC6F8-51BF-401A-8864-CBF10EDBBDCA}.Debug|Any CPU.Build.0 = Debug|Any CPU
		{359EC6F8-51BF-401A-8864-CBF10EDBBDCA}.Debug|x64.ActiveCfg = Debug|Any CPU
		{359EC6F8-51BF-401A-8864-CBF10EDBBDCA}.Debug|x64.Build.0 = Debug|Any CPU
		{359EC6F8-51BF-401A-8864-CBF10EDBBDCA}.Debug|x86.ActiveCfg = Debug|Any CPU
		{359EC6F8-51BF-401A-8864-CBF10EDBBDCA}.Debug|x86.Build.0 = Debug|Any CPU
		{359EC6F8-51BF-401A-8864-CBF10EDBBDCA}.Release|Any CPU.ActiveCfg = Release|Any CPU
		{359EC6F8-51BF-401A-8864-CBF10EDBBDCA}.Release|Any CPU.Build.0 = Release|Any CPU
		{359EC6F8-51BF-401A-8864-CBF10EDBBDCA}.Release|x64.ActiveCfg = Release|Any CPU
		{359EC6F8-51BF-401A-8864-CBF10EDBBDCA}.Release|x64.Build.0 = Release|Any CPU
		{359EC6F8-51BF-401A-8864-CBF10EDBBDCA}.Release|x86.ActiveCfg = Release|Any CPU
		{359EC6F8-51BF-401A-8864-CBF10EDBBDCA}.Release|x86.Build.0 = Release|Any CPU
	EndGlobalSection
	GlobalSection(SolutionProperties) = preSolution
		HideSolutionNode = FALSE
	EndGlobalSection
	GlobalSection(NestedProjects) = preSolution
		{A226C6C2-EBF9-B038-36BB-5A653C0582D1} = {02EA681E-C7D8-13C7-8484-4AC65E1B71E8}
		{2DEA51AB-5A70-41CD-AE6F-281A6C95C30E} = {D82C56D6-B2CD-F611-9E31-04638F7EC30E}
		{F1EA19D0-929B-486C-AC02-F969F227E562} = {D82C56D6-B2CD-F611-9E31-04638F7EC30E}
		{D2D0944F-B273-449B-B093-F995E96693AF} = {90DCE71B-4939-B80A-CE8C-85DE2210C7AC}
		{C6DE5C0F-62B8-4692-AC3C-5D1A8698A655} = {0AB3BF05-4346-4AA6-1389-037BE0695223}
		{359EC6F8-51BF-401A-8864-CBF10EDBBDCA} = {0AB3BF05-4346-4AA6-1389-037BE0695223}
	EndGlobalSection
	GlobalSection(ExtensibilityGlobals) = postSolution
		SolutionGuid = {FE0E5FBD-B8CB-435E-8641-5C008D4BC8C0}
	EndGlobalSection
EndGlobal
